// !$*UTF8*$!
{
    archiveVersion = 1;
    classes = {
    };
    objectVersion = 46;
    objects = {

/* Begin PBXAggregateTarget section */
		AA557281C2683144D6816908 /* Framework */ = {
			isa = PBXAggregateTarget;
			buildConfigurationList = AA25386730FA0A45BDB615C6 /* Build configuration list for PBXAggregateTarget "Framework" */;
			buildPhases = (
				AA8E1C72DF1F464FC88E1AF6 /* MultiBuild Framework */,
			);
			dependencies = (
				AA4C7288E5A7524026BD698E /* PBXTargetDependency */,
			);
			name = Framework;
			productName = Framework;
		};
/* End PBXAggregateTarget section */

/* Begin PBXBuildFile section */
        AA1F4728C0AB2C4B19914CDE /* Foundation.framework in Frameworks */ = {isa = PBXBuildFile; fileRef = AA2106F1B92B5C4E9A8A9551 /* Foundation.framework */; };
        AA8BD0426B8D134CE7ABE618 /* Foundation.framework in Frameworks */ = {isa = PBXBuildFile; fileRef = AA2106F1B92B5C4E9A8A9551 /* Foundation.framework */; };
        AA10F6F53CB73A4B84B90913 /* UIKit.framework in Frameworks */ = {isa = PBXBuildFile; fileRef = AA78591AB1B2A6455A948534 /* UIKit.framework */; };
        AA4FD423814E3942079F8A8F /* libM2Factor.a in Frameworks */ = {isa = PBXBuildFile; fileRef = AA48E44FF80F8E41569E8233 /* libM2Factor.a */; };
        AAD17310725CB04AC68DCB6E /* APIHelper.m in Sources */ = {isa = PBXBuildFile; fileRef = AA3361293852C2451EBA4B74 /* APIHelper.m */; };
        AAFE38AEFA502643B1A1C29E /* APIError.m in Sources */ = {isa = PBXBuildFile; fileRef = AAFBBEA86F31A548D5BB0392 /* APIError.m */; };
        AA1E986961032B4621871E5F /* Configuration.m in Sources */ = {isa = PBXBuildFile; fileRef = AAB86A960A65234253B53250 /* Configuration.m */; };
		AA425A9BAA51484C12B51502 /* SendTransactionalSmsModel.h in Headers */ = {isa = PBXBuildFile; fileRef = AADBC61B9C9406412BB5709A /* SendTransactionalSmsModel.h */; settings = {ATTRIBUTES = (Public, ); }; };
		AA5BA8D6FF14B1410FB10C0C /* SendTransactionalSmsModel.m in Sources */ = {isa = PBXBuildFile; fileRef = AA3A8115B2241C4296857FCC /* SendTransactionalSmsModel.m */; };
		AA7F566A6774BA4993874005 /* SendingVoiceOtpAutoGeneratedOtpModel.h in Headers */ = {isa = PBXBuildFile; fileRef = AA4E391C18F89E45EA9A857E /* SendingVoiceOtpAutoGeneratedOtpModel.h */; settings = {ATTRIBUTES = (Public, ); }; };
		AA46A0C900F2154AE7854163 /* SendingVoiceOtpAutoGeneratedOtpModel.m in Sources */ = {isa = PBXBuildFile; fileRef = AAC3D9E76809A04F9B8E640C /* SendingVoiceOtpAutoGeneratedOtpModel.m */; };
		AA1CCC9623899D458E8CD043 /* CheckBalanceAddonServicesModel.h in Headers */ = {isa = PBXBuildFile; fileRef = AAC37CBA5EC82548BD90A651 /* CheckBalanceAddonServicesModel.h */; settings = {ATTRIBUTES = (Public, ); }; };
		AAC75F1C49BC734A3899FD58 /* CheckBalanceAddonServicesModel.m in Sources */ = {isa = PBXBuildFile; fileRef = AAA5440A14B68742A1A28CE3 /* CheckBalanceAddonServicesModel.m */; };
		AA115F81E2149D487E85DB35 /* SendingSmsOtpAutoGeneratedOtpModel.h in Headers */ = {isa = PBXBuildFile; fileRef = AAB0E8B1AC47A54095986425 /* SendingSmsOtpAutoGeneratedOtpModel.h */; settings = {ATTRIBUTES = (Public, ); }; };
		AAFB9CD579C5DC4C839DB3DB /* SendingSmsOtpAutoGeneratedOtpModel.m in Sources */ = {isa = PBXBuildFile; fileRef = AA2B42EC40DC344BA7892F95 /* SendingSmsOtpAutoGeneratedOtpModel.m */; };
		AA69310EF12D7C4FAF9EAA80 /* SendingSmsOtpModel.h in Headers */ = {isa = PBXBuildFile; fileRef = AA952232044E4B4873851993 /* SendingSmsOtpModel.h */; settings = {ATTRIBUTES = (Public, ); }; };
		AAB5A797A4E8EC43D898BF47 /* SendingSmsOtpModel.m in Sources */ = {isa = PBXBuildFile; fileRef = AA9995B62137CD403EA391FF /* SendingSmsOtpModel.m */; };
		AA2DB01BFA99AD46BF8F4912 /* SendingVoiceOtpModel.h in Headers */ = {isa = PBXBuildFile; fileRef = AAF57B3161893D4861B66C93 /* SendingVoiceOtpModel.h */; settings = {ATTRIBUTES = (Public, ); }; };
		AA0BA74D60AB014BB692D075 /* SendingVoiceOtpModel.m in Sources */ = {isa = PBXBuildFile; fileRef = AA4ABA1FFAD3EF4D7A8AB402 /* SendingVoiceOtpModel.m */; };
		AA4CBC11753A824BAFAB2413 /* VerifyVoiceOtpInputModel.h in Headers */ = {isa = PBXBuildFile; fileRef = AAE9404F2639C640CC9A7915 /* VerifyVoiceOtpInputModel.h */; settings = {ATTRIBUTES = (Public, ); }; };
		AADBE6F51E70444D2CB9522B /* VerifyVoiceOtpInputModel.m in Sources */ = {isa = PBXBuildFile; fileRef = AAFF9C7963DDE346F19F2578 /* VerifyVoiceOtpInputModel.m */; };
		AAED824A965B034D77BF96B4 /* CheckSmsBalanceModel.h in Headers */ = {isa = PBXBuildFile; fileRef = AA109685B5D4484679A7D4AC /* CheckSmsBalanceModel.h */; settings = {ATTRIBUTES = (Public, ); }; };
		AA55AE4D98E3C5448C848009 /* CheckSmsBalanceModel.m in Sources */ = {isa = PBXBuildFile; fileRef = AA36E452587ABF496BB3D277 /* CheckSmsBalanceModel.m */; };
		AAF8CF87C50566454CB1A40B /* CheckVoiceBalanceModel.h in Headers */ = {isa = PBXBuildFile; fileRef = AA1E2399A19491490B9E2D03 /* CheckVoiceBalanceModel.h */; settings = {ATTRIBUTES = (Public, ); }; };
		AA60B71FBBB36A4F42874C68 /* CheckVoiceBalanceModel.m in Sources */ = {isa = PBXBuildFile; fileRef = AAC88EE8BDC61B4F64959E2E /* CheckVoiceBalanceModel.m */; };
		AA6837CF0B5C0C4684859CEC /* VerifyOtpInputModel.h in Headers */ = {isa = PBXBuildFile; fileRef = AA3D975D5561D5498B85A6AA /* VerifyOtpInputModel.h */; settings = {ATTRIBUTES = (Public, ); }; };
		AA537D91984D144083A226FF /* VerifyOtpInputModel.m in Sources */ = {isa = PBXBuildFile; fileRef = AAED2FCA8DB2A7430CBE55BC /* VerifyOtpInputModel.m */; };
		AAFE4EC70633C04251A63F73 /* ADDONSERVICESController.h in Headers */ = {isa = PBXBuildFile; fileRef = AAC090E84AD6DA49AEA09EF1 /* ADDONSERVICESController.h */; settings = {ATTRIBUTES = (Public, ); }; };
		AA19DC78339E064008A1F63A /* ADDONSERVICESController.m in Sources */ = {isa = PBXBuildFile; fileRef = AA13E17D2E031F4703B5CFFD /* ADDONSERVICESController.m */; };
		AA9D01AE6CA5274D878DC072 /* SMSOTPController.h in Headers */ = {isa = PBXBuildFile; fileRef = AA3E0836DD14754594937323 /* SMSOTPController.h */; settings = {ATTRIBUTES = (Public, ); }; };
		AAD1ECE46B8E1C4A77B93EBF /* SMSOTPController.m in Sources */ = {isa = PBXBuildFile; fileRef = AAD11402C9B08E4DBC9A6BD6 /* SMSOTPController.m */; };
		AA846107182B2540C583A8F3 /* VOICEOTPController.h in Headers */ = {isa = PBXBuildFile; fileRef = AAC4A08A772D8748769739C8 /* VOICEOTPController.h */; settings = {ATTRIBUTES = (Public, ); }; };
		AA0708800104E148178593A0 /* VOICEOTPController.m in Sources */ = {isa = PBXBuildFile; fileRef = AA3610D095BAFC410BAEAAFB /* VOICEOTPController.m */; };
		AABB73E68DDD444CBFA4217E /* Configuration.h in Headers */ = {isa = PBXBuildFile; fileRef = AAD8DE3F9A1B3141B68938F8 /* Configuration.h */; settings = {ATTRIBUTES = (Public, ); }; };
		AAED0C5636D7884F529E6683 /* APIError.h in Headers */ = {isa = PBXBuildFile; fileRef = AAE0D0540FED7D4B8C91F3B8 /* APIError.h */; settings = {ATTRIBUTES = (Public, ); }; };
		AA5E1C8BC2651F4AFEBC43B9 /* APIHelper.h in Headers */ = {isa = PBXBuildFile; fileRef = AA8E09151B4A29479D8DB1D4 /* APIHelper.h */; settings = {ATTRIBUTES = (Public, ); }; };
		AAB9C2083BD545443BA453AA /* libPods.a in Frameworks */ = {isa = PBXBuildFile; fileRef = AA076CAB680BBB4626BA6C31 /* libPods.a */; };
		AA733857D35D2C413DB4A997 /* libJSONModel.a in Frameworks */ = {isa = PBXBuildFile; fileRef = AA750F5295E09645DB9ADBC8 /* libJSONModel.a */; };		
		AA23AC5FACC7934C44AF7AD9 /* libUnirest.a in Frameworks */ = {isa = PBXBuildFile; fileRef = AA93E60BBC61744583B9F16E /* libUnirest.a */; };
		AAFCA7AE808C034AB497B969 /* IHttpClient.h in Headers */ = {isa = PBXBuildFile; fileRef = AA69D45BEB8BBE40AFB139F6 /* IHttpClient.h */; settings = {ATTRIBUTES = (Public, ); }; };
		AA3614191E5DE94313A317DA /* HttpContext.h in Headers */ = {isa = PBXBuildFile; fileRef = AA254395D82FD34C41B19598 /* HttpContext.h */; settings = {ATTRIBUTES = (Public, ); }; };
		AAC926CF57ABAC455FB1E3E2 /* HttpContext.m in Sources */ = {isa = PBXBuildFile; fileRef = AAAB7A9CA4213A4EBD8C7622 /* HttpContext.m */; };

		AA2AFC8B8946094352A6AABD /* UnirestClient.h in Headers */ = {isa = PBXBuildFile; fileRef = AA2207AAFE69DF419FA83318 /* UnirestClient.h */; settings = {ATTRIBUTES = (Public, ); }; };
		AA757608E23D8C425BB06211 /* UnirestClient.m in Sources */ = {isa = PBXBuildFile; fileRef = AA47285A9057654152B38C80 /* UnirestClient.m */; };
		AA8B36BC8327AB4DC8AF0F0F /* HttpBodyRequest.h in Headers */ = {isa = PBXBuildFile; fileRef = AAB4DDED3ED6974253B323BB /* HttpBodyRequest.h */; settings = {ATTRIBUTES = (Public, ); }; };
		AAB3A7FFE66D3B45F2B34E8C /* HttpBodyRequest.m in Sources */ = {isa = PBXBuildFile; fileRef = AA784B71A7F3E64EFC8C579B /* HttpBodyRequest.m */; };
		AA5FF069F097554D61B55430 /* HttpMethod.h in Headers */ = {isa = PBXBuildFile; fileRef = AA6674A9AAE11D4F3A8AC9B1 /* HttpMethod.h */; settings = {ATTRIBUTES = (Public, ); }; };
		AAD8D364BCD7704E7CA4367C /* HttpRequest.h in Headers */ = {isa = PBXBuildFile; fileRef = AA5F7B50F1E9D1438EB61FC4 /* HttpRequest.h */; settings = {ATTRIBUTES = (Public, ); }; };
		AA0A6E9F521739457498D806 /* HttpRequest.m in Sources */ = {isa = PBXBuildFile; fileRef = AA1FBB7111FBFC42F9ACEE7A /* HttpRequest.m */; };
		AACBA37D83C6B543A594F469 /* HttpResponse.h in Headers */ = {isa = PBXBuildFile; fileRef = AAEEF32B52F95B414582438B /* HttpResponse.h */; settings = {ATTRIBUTES = (Public, ); }; };
		AAA692798F41BC487790377C /* HttpResponse.m in Sources */ = {isa = PBXBuildFile; fileRef = AAE736A0572FCC432BA9F907 /* HttpResponse.m */; };
		AAE94FC1EDE9EB49AFADB5EA /* HttpStringResponse.h in Headers */ = {isa = PBXBuildFile; fileRef = AAC73B2E225C984B3B81B39A /* HttpStringResponse.h */; settings = {ATTRIBUTES = (Public, ); }; };
		AA39A64B6230F4415FB77CF2 /* HttpStringResponse.m in Sources */ = {isa = PBXBuildFile; fileRef = AAC45345E67CC8473296E4B4 /* HttpStringResponse.m */; };
		AA2E3D64705AF14C05A15FE3 /* BaseController.h in Headers */ = {isa = PBXBuildFile; fileRef = AA23D653904266475A878627 /* BaseController.h */; settings = {ATTRIBUTES = (Public, ); }; };
		AADADC04E6C0D749C79831EF /* BaseController.m in Sources */ = {isa = PBXBuildFile; fileRef = AADBC493DC304F4BA3BC484A /* BaseController.m */; };
/* End PBXBuildFile section */

/* Begin PBXContainerItemProxy section */
		AA8CE35F4ADB4E4A80869D82 /* PBXContainerItemProxy */ = {
			isa = PBXContainerItemProxy;
			containerPortal = AA96D732C3277C4A119D03B2 /* Project object */;
			proxyType = 1;
			remoteGlobalIDString = AAD6B4745B04224B77A5BBA6;
			remoteInfo = M2Factor;
		};
        AA8CE35F4ADB4E4A80869D82 /* PBXContainerItemProxy */ = {
            isa = PBXContainerItemProxy;
            containerPortal = AA8CF5CE19588E41419C03CA /* Project object */;
            proxyType = 1;
            remoteGlobalIDString = AAD6B4745B04224B77A5BBA6;
            remoteInfo = M2Factor;
        };
/* End PBXContainerItemProxy section */

/* Begin PBXCopyFilesBuildPhase section */
        AA1A7D35DF882F48DB80B7C7 /* CopyFiles */ = {
            isa = PBXCopyFilesBuildPhase;
            buildActionMask = 2147483647;
            dstPath = "include/$(PRODUCT_NAME)";
            dstSubfolderSpec = 16;
            files = (
            );
            runOnlyForDeploymentPostprocessing = 0;
        };
/* End PBXCopyFilesBuildPhase section */

/* Begin PBXFileReference section */
        AA48E44FF80F8E41569E8233 /* libM2Factor.a */ = {isa = PBXFileReference; explicitFileType = archive.ar; includeInIndex = 0; path = libM2Factor.a; sourceTree = BUILT_PRODUCTS_DIR; };
        AA2106F1B92B5C4E9A8A9551 /* Foundation.framework */ = {isa = PBXFileReference; lastKnownFileType = wrapper.framework; name = Foundation.framework; path = System/Library/Frameworks/Foundation.framework; sourceTree = SDKROOT; };
        AAE1F9DA90623140ACBEB0C0 /* M2Factor-Prefix.pch */ = {isa = PBXFileReference; lastKnownFileType = sourcecode.c.h; path = "M2Factor-Prefix.pch"; sourceTree = "<group>"; };
        AA78591AB1B2A6455A948534 /* UIKit.framework */ = {isa = PBXFileReference; lastKnownFileType = wrapper.framework; name = UIKit.framework; path = Library/Frameworks/UIKit.framework; sourceTree = DEVELOPER_DIR; };
        AA3361293852C2451EBA4B74 /* APIHelper.m */ = {isa = PBXFileReference; fileEncoding = 4; lastKnownFileType = sourcecode.c.objc; path = APIHelper.m; sourceTree = "<group>"; };
        AA8E09151B4A29479D8DB1D4 /* APIHelper.h */ = {isa = PBXFileReference; fileEncoding = 4; lastKnownFileType = sourcecode.c.h; path = APIHelper.h; sourceTree = "<group>"; };		
        AAFBBEA86F31A548D5BB0392 /* APIError.m */ = {isa = PBXFileReference; fileEncoding = 4; lastKnownFileType = sourcecode.c.objc; path = APIError.m; sourceTree = "<group>"; };
        AAE0D0540FED7D4B8C91F3B8 /* APIError.h */ = {isa = PBXFileReference; fileEncoding = 4; lastKnownFileType = sourcecode.c.h; path = APIError.h; sourceTree = "<group>"; };
        AAB86A960A65234253B53250 /* Configuration.m */ = {isa = PBXFileReference; fileEncoding = 4; lastKnownFileType = sourcecode.c.objc; path = Configuration.m; sourceTree = "<group>"; };
        AAD8DE3F9A1B3141B68938F8 /* Configuration.h */ = {isa = PBXFileReference; fileEncoding = 4; lastKnownFileType = sourcecode.c.h; path = Configuration.h; sourceTree = "<group>"; };
		AADBC61B9C9406412BB5709A /* SendTransactionalSmsModel.h */ = {isa = PBXFileReference; fileEncoding = 4; lastKnownFileType = sourcecode.c.h; name = SendTransactionalSmsModel.h; path = Models/SendTransactionalSmsModel.h; sourceTree = "<group>"; };
		AA3A8115B2241C4296857FCC /* SendTransactionalSmsModel.m */ = {isa = PBXFileReference; fileEncoding = 4; lastKnownFileType = sourcecode.c.objc; name = SendTransactionalSmsModel.m; path = Models/SendTransactionalSmsModel.m; sourceTree = "<group>"; };
		AA4E391C18F89E45EA9A857E /* SendingVoiceOtpAutoGeneratedOtpModel.h */ = {isa = PBXFileReference; fileEncoding = 4; lastKnownFileType = sourcecode.c.h; name = SendingVoiceOtpAutoGeneratedOtpModel.h; path = Models/SendingVoiceOtpAutoGeneratedOtpModel.h; sourceTree = "<group>"; };
		AAC3D9E76809A04F9B8E640C /* SendingVoiceOtpAutoGeneratedOtpModel.m */ = {isa = PBXFileReference; fileEncoding = 4; lastKnownFileType = sourcecode.c.objc; name = SendingVoiceOtpAutoGeneratedOtpModel.m; path = Models/SendingVoiceOtpAutoGeneratedOtpModel.m; sourceTree = "<group>"; };
		AAC37CBA5EC82548BD90A651 /* CheckBalanceAddonServicesModel.h */ = {isa = PBXFileReference; fileEncoding = 4; lastKnownFileType = sourcecode.c.h; name = CheckBalanceAddonServicesModel.h; path = Models/CheckBalanceAddonServicesModel.h; sourceTree = "<group>"; };
		AAA5440A14B68742A1A28CE3 /* CheckBalanceAddonServicesModel.m */ = {isa = PBXFileReference; fileEncoding = 4; lastKnownFileType = sourcecode.c.objc; name = CheckBalanceAddonServicesModel.m; path = Models/CheckBalanceAddonServicesModel.m; sourceTree = "<group>"; };
		AAB0E8B1AC47A54095986425 /* SendingSmsOtpAutoGeneratedOtpModel.h */ = {isa = PBXFileReference; fileEncoding = 4; lastKnownFileType = sourcecode.c.h; name = SendingSmsOtpAutoGeneratedOtpModel.h; path = Models/SendingSmsOtpAutoGeneratedOtpModel.h; sourceTree = "<group>"; };
		AA2B42EC40DC344BA7892F95 /* SendingSmsOtpAutoGeneratedOtpModel.m */ = {isa = PBXFileReference; fileEncoding = 4; lastKnownFileType = sourcecode.c.objc; name = SendingSmsOtpAutoGeneratedOtpModel.m; path = Models/SendingSmsOtpAutoGeneratedOtpModel.m; sourceTree = "<group>"; };
		AA952232044E4B4873851993 /* SendingSmsOtpModel.h */ = {isa = PBXFileReference; fileEncoding = 4; lastKnownFileType = sourcecode.c.h; name = SendingSmsOtpModel.h; path = Models/SendingSmsOtpModel.h; sourceTree = "<group>"; };
		AA9995B62137CD403EA391FF /* SendingSmsOtpModel.m */ = {isa = PBXFileReference; fileEncoding = 4; lastKnownFileType = sourcecode.c.objc; name = SendingSmsOtpModel.m; path = Models/SendingSmsOtpModel.m; sourceTree = "<group>"; };
		AAF57B3161893D4861B66C93 /* SendingVoiceOtpModel.h */ = {isa = PBXFileReference; fileEncoding = 4; lastKnownFileType = sourcecode.c.h; name = SendingVoiceOtpModel.h; path = Models/SendingVoiceOtpModel.h; sourceTree = "<group>"; };
		AA4ABA1FFAD3EF4D7A8AB402 /* SendingVoiceOtpModel.m */ = {isa = PBXFileReference; fileEncoding = 4; lastKnownFileType = sourcecode.c.objc; name = SendingVoiceOtpModel.m; path = Models/SendingVoiceOtpModel.m; sourceTree = "<group>"; };
		AAE9404F2639C640CC9A7915 /* VerifyVoiceOtpInputModel.h */ = {isa = PBXFileReference; fileEncoding = 4; lastKnownFileType = sourcecode.c.h; name = VerifyVoiceOtpInputModel.h; path = Models/VerifyVoiceOtpInputModel.h; sourceTree = "<group>"; };
		AAFF9C7963DDE346F19F2578 /* VerifyVoiceOtpInputModel.m */ = {isa = PBXFileReference; fileEncoding = 4; lastKnownFileType = sourcecode.c.objc; name = VerifyVoiceOtpInputModel.m; path = Models/VerifyVoiceOtpInputModel.m; sourceTree = "<group>"; };
		AA109685B5D4484679A7D4AC /* CheckSmsBalanceModel.h */ = {isa = PBXFileReference; fileEncoding = 4; lastKnownFileType = sourcecode.c.h; name = CheckSmsBalanceModel.h; path = Models/CheckSmsBalanceModel.h; sourceTree = "<group>"; };
		AA36E452587ABF496BB3D277 /* CheckSmsBalanceModel.m */ = {isa = PBXFileReference; fileEncoding = 4; lastKnownFileType = sourcecode.c.objc; name = CheckSmsBalanceModel.m; path = Models/CheckSmsBalanceModel.m; sourceTree = "<group>"; };
		AA1E2399A19491490B9E2D03 /* CheckVoiceBalanceModel.h */ = {isa = PBXFileReference; fileEncoding = 4; lastKnownFileType = sourcecode.c.h; name = CheckVoiceBalanceModel.h; path = Models/CheckVoiceBalanceModel.h; sourceTree = "<group>"; };
		AAC88EE8BDC61B4F64959E2E /* CheckVoiceBalanceModel.m */ = {isa = PBXFileReference; fileEncoding = 4; lastKnownFileType = sourcecode.c.objc; name = CheckVoiceBalanceModel.m; path = Models/CheckVoiceBalanceModel.m; sourceTree = "<group>"; };
		AA3D975D5561D5498B85A6AA /* VerifyOtpInputModel.h */ = {isa = PBXFileReference; fileEncoding = 4; lastKnownFileType = sourcecode.c.h; name = VerifyOtpInputModel.h; path = Models/VerifyOtpInputModel.h; sourceTree = "<group>"; };
		AAED2FCA8DB2A7430CBE55BC /* VerifyOtpInputModel.m */ = {isa = PBXFileReference; fileEncoding = 4; lastKnownFileType = sourcecode.c.objc; name = VerifyOtpInputModel.m; path = Models/VerifyOtpInputModel.m; sourceTree = "<group>"; };
		AAC090E84AD6DA49AEA09EF1 /* ADDONSERVICESController.h */ = {isa = PBXFileReference; fileEncoding = 4; lastKnownFileType = sourcecode.c.h; name = ADDONSERVICESController.h; path = Controllers/ADDONSERVICESController.h; sourceTree = "<group>"; };
		AA13E17D2E031F4703B5CFFD /* ADDONSERVICESController.m */ = {isa = PBXFileReference; fileEncoding = 4; lastKnownFileType = sourcecode.c.objc; name = ADDONSERVICESController.m; path = Controllers/ADDONSERVICESController.m; sourceTree = "<group>"; };
		AA3E0836DD14754594937323 /* SMSOTPController.h */ = {isa = PBXFileReference; fileEncoding = 4; lastKnownFileType = sourcecode.c.h; name = SMSOTPController.h; path = Controllers/SMSOTPController.h; sourceTree = "<group>"; };
		AAD11402C9B08E4DBC9A6BD6 /* SMSOTPController.m */ = {isa = PBXFileReference; fileEncoding = 4; lastKnownFileType = sourcecode.c.objc; name = SMSOTPController.m; path = Controllers/SMSOTPController.m; sourceTree = "<group>"; };
		AAC4A08A772D8748769739C8 /* VOICEOTPController.h */ = {isa = PBXFileReference; fileEncoding = 4; lastKnownFileType = sourcecode.c.h; name = VOICEOTPController.h; path = Controllers/VOICEOTPController.h; sourceTree = "<group>"; };
		AA3610D095BAFC410BAEAAFB /* VOICEOTPController.m */ = {isa = PBXFileReference; fileEncoding = 4; lastKnownFileType = sourcecode.c.objc; name = VOICEOTPController.m; path = Controllers/VOICEOTPController.m; sourceTree = "<group>"; };
		AA076CAB680BBB4626BA6C31 /* libPods.a */ = {isa = PBXFileReference; explicitFileType = archive.ar; includeInIndex = 0; path = libPods.a; sourceTree = BUILT_PRODUCTS_DIR; };
		AA750F5295E09645DB9ADBC8 /* libJSONModel.a */ = {isa = PBXFileReference; lastKnownFileType = file; name = "libJSONModel.a"; path = "libJSONModel.a"; sourceTree = "<group>"; };
		AA93E60BBC61744583B9F16E /* libUnirest.a */ = {isa = PBXFileReference; lastKnownFileType = file; name = "libUnirest.a"; path = "libUnirest.a"; sourceTree = "<group>"; };
        AA69D45BEB8BBE40AFB139F6 /* IHttpClient.h */ = {isa = PBXFileReference; fileEncoding = 4; lastKnownFileType = sourcecode.c.h; name = IHttpClient.h; path = Http/Client/IHttpClient.h; sourceTree = "<group>"; };
		AA2207AAFE69DF419FA83318 /* UnirestClient.h */ = {isa = PBXFileReference; fileEncoding = 4; lastKnownFileType = sourcecode.c.h; name = UnirestClient.h; path = Http/Client/UnirestClient.h; sourceTree = "<group>"; };
		AA47285A9057654152B38C80 /* UnirestClient.m */ = {isa = PBXFileReference; fileEncoding = 4; lastKnownFileType = sourcecode.c.objc; name = UnirestClient.m; path = Http/Client/UnirestClient.m; sourceTree = "<group>"; };
		AA254395D82FD34C41B19598 /* HttpContext.h */ = {isa = PBXFileReference; fileEncoding = 4; lastKnownFileType = sourcecode.c.h; name = HttpContext.h; path = Http/Client/HttpContext.h; sourceTree = "<group>"; };
		AAAB7A9CA4213A4EBD8C7622 /* HttpContext.m */ = {isa = PBXFileReference; fileEncoding = 4; lastKnownFileType = sourcecode.c.objc;name = HttpContext.m;  path = Http/Client/HttpContext.m; sourceTree = "<group>"; };

		AAB4DDED3ED6974253B323BB /* HttpBodyRequest.h */ = {isa = PBXFileReference; fileEncoding = 4; lastKnownFileType = sourcecode.c.h; name = HttpBodyRequest.h; path = Http/Request/HttpBodyRequest.h; sourceTree = "<group>"; };
		AA784B71A7F3E64EFC8C579B /* HttpBodyRequest.m */ = {isa = PBXFileReference; fileEncoding = 4; lastKnownFileType = sourcecode.c.objc; name = HttpBodyRequest.m; path = Http/Request/HttpBodyRequest.m; sourceTree = "<group>"; };
		AA6674A9AAE11D4F3A8AC9B1 /* HttpMethod.h */ = {isa = PBXFileReference; fileEncoding = 4; lastKnownFileType = sourcecode.c.h; name = HttpMethod.h; path = Http/Request/HttpMethod.h; sourceTree = "<group>"; };
		AA5F7B50F1E9D1438EB61FC4 /* HttpRequest.h */ = {isa = PBXFileReference; fileEncoding = 4; lastKnownFileType = sourcecode.c.h; name = HttpRequest.h; path = Http/Request/HttpRequest.h; sourceTree = "<group>"; };
		AA1FBB7111FBFC42F9ACEE7A /* HttpRequest.m */ = {isa = PBXFileReference; fileEncoding = 4; lastKnownFileType = sourcecode.c.objc; name = HttpRequest.m; path = Http/Request/HttpRequest.m; sourceTree = "<group>"; };
		AAEEF32B52F95B414582438B /* HttpResponse.h */ = {isa = PBXFileReference; fileEncoding = 4; lastKnownFileType = sourcecode.c.h; name = HttpResponse.h; path = Http/Response/HttpResponse.h; sourceTree = "<group>"; };
		AAE736A0572FCC432BA9F907 /* HttpResponse.m */ = {isa = PBXFileReference; fileEncoding = 4; lastKnownFileType = sourcecode.c.objc; name = HttpResponse.m; path = Http/Response/HttpResponse.m; sourceTree = "<group>"; };
		AAC73B2E225C984B3B81B39A /* HttpStringResponse.h */ = {isa = PBXFileReference; fileEncoding = 4; lastKnownFileType = sourcecode.c.h; name = HttpStringResponse.h; path = Http/Response/HttpStringResponse.h; sourceTree = "<group>"; };
		AAC45345E67CC8473296E4B4 /* HttpStringResponse.m */ = {isa = PBXFileReference; fileEncoding = 4; lastKnownFileType = sourcecode.c.objc; name = HttpStringResponse.m; path = Http/Response/HttpStringResponse.m; sourceTree = "<group>"; };
		AA23D653904266475A878627 /* BaseController.h */ = {isa = PBXFileReference; fileEncoding = 4; lastKnownFileType = sourcecode.c.h; name = BaseController.h; path = Controllers/BaseController.h; sourceTree = "<group>"; };
		AADBC493DC304F4BA3BC484A /* BaseController.m */ = {isa = PBXFileReference; fileEncoding = 4; lastKnownFileType = sourcecode.c.objc; name = BaseController.m; path = Controllers/BaseController.m; sourceTree = "<group>"; };
/* End PBXFileReference section */

/* Begin PBXFrameworksBuildPhase section */
        AAD3228E79A74D4D7881C3DF /* Frameworks */ = {
            isa = PBXFrameworksBuildPhase;
            buildActionMask = 2147483647;
            files = (
                AA1F4728C0AB2C4B19914CDE /* Foundation.framework in Frameworks */,
				AA23AC5FACC7934C44AF7AD9 /* libUnirest.a in Frameworks */,				
				AA733857D35D2C413DB4A997 /* libJSONModel.a in Frameworks */,				
				AAB9C2083BD545443BA453AA /* libPods.a in Frameworks */,
            );
            runOnlyForDeploymentPostprocessing = 0;
        };
        AA3D8A67A976E446A88C89D0 /* Frameworks */ = {
            isa = PBXFrameworksBuildPhase;
            buildActionMask = 2147483647;
            files = (
                AA10F6F53CB73A4B84B90913 /* UIKit.framework in Frameworks */,
                AA4FD423814E3942079F8A8F /* libM2Factor.a in Frameworks */,
                AA8BD0426B8D134CE7ABE618 /* Foundation.framework in Frameworks */,
            );
            runOnlyForDeploymentPostprocessing = 0;
        };
/* End PBXFrameworksBuildPhase section */

/* Begin PBXGroup section */
        AA3D5B927EE41041B5BDED49 = {
            isa = PBXGroup;
            children = (
                AA1888F8F5FB944C478F16DB /* M2Factor */,
                AA67B7AFFB0A74418D8309D5 /* Frameworks */,
                AAA18737F0078D4AD3AFBC86 /* Products */,
            );
            sourceTree = "<group>";
        };
        AAA18737F0078D4AD3AFBC86 /* Products */ = {
            isa = PBXGroup;
            children = (
                AA48E44FF80F8E41569E8233 /* libM2Factor.a */,
            );
            name = Products;
            sourceTree = "<group>";
        };
        AA67B7AFFB0A74418D8309D5 /* Frameworks */ = {
            isa = PBXGroup;
            children = (
				AA93E60BBC61744583B9F16E /* libUnirest.a */,
				AA750F5295E09645DB9ADBC8 /* libJSONModel.a */,
				AA076CAB680BBB4626BA6C31 /* libPods.a */,
                AA2106F1B92B5C4E9A8A9551 /* Foundation.framework */,
                AA78591AB1B2A6455A948534 /* UIKit.framework */,
            );
            name = Frameworks;
            sourceTree = "<group>";
        };
        AA1888F8F5FB944C478F16DB /* M2Factor */ = {
            isa = PBXGroup;
            children = (
                AA110218798AE34A27A1F281 /* Models */,
                AA0829C97136484195B8CAA9 /* Http */,
                AAC3C9A2236AA4485A92CA90 /* Controllers */,
                AAA0AE6C8FF9D54AA88D42F5 /* Supporting Files */,
                AA3361293852C2451EBA4B74 /* APIHelper.m */,
                AA8E09151B4A29479D8DB1D4 /* APIHelper.h */,
                AAFBBEA86F31A548D5BB0392 /* APIError.m */,
                AAE0D0540FED7D4B8C91F3B8 /* APIError.h */,
                AAB86A960A65234253B53250 /* Configuration.m */,
                AAD8DE3F9A1B3141B68938F8 /* Configuration.h */,
            );
            path = M2Factor;
            sourceTree = "<group>";
        };
        AAA0AE6C8FF9D54AA88D42F5 /* Supporting Files */ = {
            isa = PBXGroup;
            children = (
                AAE1F9DA90623140ACBEB0C0 /* M2Factor-Prefix.pch */,
            );
            name = "Supporting Files";
            sourceTree = "<group>";
        };
        AAC3C9A2236AA4485A92CA90 /* Controllers */ = {
            isa = PBXGroup;
            children = (
				AA23D653904266475A878627 /* BaseController.h */,
				AADBC493DC304F4BA3BC484A /* BaseController.m */,
				AAC090E84AD6DA49AEA09EF1 /* ADDONSERVICESController.h */,
				AA13E17D2E031F4703B5CFFD /* ADDONSERVICESController.m */,
				AA3E0836DD14754594937323 /* SMSOTPController.h */,
				AAD11402C9B08E4DBC9A6BD6 /* SMSOTPController.m */,
				AAC4A08A772D8748769739C8 /* VOICEOTPController.h */,
				AA3610D095BAFC410BAEAAFB /* VOICEOTPController.m */,
            );
            name = Controllers;
            sourceTree = "<group>";
        };
		AAB1D1D440BD9F442797AA31 /* Client */ = {
			isa = PBXGroup;
			children = (
				AA69D45BEB8BBE40AFB139F6 /* IHttpClient.h */,
				AA2207AAFE69DF419FA83318 /* UnirestClient.h */,
				AA47285A9057654152B38C80 /* UnirestClient.m */,
				AA254395D82FD34C41B19598 /* HttpContext.h */,
				AAAB7A9CA4213A4EBD8C7622 /* HttpContext.m */,
			);
			name = Client;
			sourceTree = "<group>";
		};
		AA0829C97136484195B8CAA9 /* Http */ = {
			isa = PBXGroup;
			children = (
				AA7E2A1EF3CDE34369B27918 /* Request */,
				AAB1D1D440BD9F442797AA31 /* Client */,
				AAF103F87929D9451E9BC285 /* Response */,
			);
			name = Http;
			sourceTree = "<group>";
		};
		AA7E2A1EF3CDE34369B27918 /* Request */ = {
			isa = PBXGroup;
			children = (
				AAB4DDED3ED6974253B323BB /* HttpBodyRequest.h */,
				AA784B71A7F3E64EFC8C579B /* HttpBodyRequest.m */,
				AA6674A9AAE11D4F3A8AC9B1 /* HttpMethod.h */,
				AA5F7B50F1E9D1438EB61FC4 /* HttpRequest.h */,
				AA1FBB7111FBFC42F9ACEE7A /* HttpRequest.m */,
			);
			name = Request;
			sourceTree = "<group>";
		};
		AAF103F87929D9451E9BC285 /* Response */ = {
			isa = PBXGroup;
			children = (
				AAEEF32B52F95B414582438B /* HttpResponse.h */,
				AAE736A0572FCC432BA9F907 /* HttpResponse.m */,
				AAC73B2E225C984B3B81B39A /* HttpStringResponse.h */,
				AAC45345E67CC8473296E4B4 /* HttpStringResponse.m */,
			);
			name = Response;
			sourceTree = "<group>";
		};
        AA110218798AE34A27A1F281 /* Models */ = {
            isa = PBXGroup;
            children = (
				AADBC61B9C9406412BB5709A /* SendTransactionalSmsModel.h */,
				AA3A8115B2241C4296857FCC /* SendTransactionalSmsModel.m */,
				AA4E391C18F89E45EA9A857E /* SendingVoiceOtpAutoGeneratedOtpModel.h */,
				AAC3D9E76809A04F9B8E640C /* SendingVoiceOtpAutoGeneratedOtpModel.m */,
				AAC37CBA5EC82548BD90A651 /* CheckBalanceAddonServicesModel.h */,
				AAA5440A14B68742A1A28CE3 /* CheckBalanceAddonServicesModel.m */,
				AAB0E8B1AC47A54095986425 /* SendingSmsOtpAutoGeneratedOtpModel.h */,
				AA2B42EC40DC344BA7892F95 /* SendingSmsOtpAutoGeneratedOtpModel.m */,
				AA952232044E4B4873851993 /* SendingSmsOtpModel.h */,
				AA9995B62137CD403EA391FF /* SendingSmsOtpModel.m */,
				AAF57B3161893D4861B66C93 /* SendingVoiceOtpModel.h */,
				AA4ABA1FFAD3EF4D7A8AB402 /* SendingVoiceOtpModel.m */,
				AAE9404F2639C640CC9A7915 /* VerifyVoiceOtpInputModel.h */,
				AAFF9C7963DDE346F19F2578 /* VerifyVoiceOtpInputModel.m */,
				AA109685B5D4484679A7D4AC /* CheckSmsBalanceModel.h */,
				AA36E452587ABF496BB3D277 /* CheckSmsBalanceModel.m */,
				AA1E2399A19491490B9E2D03 /* CheckVoiceBalanceModel.h */,
				AAC88EE8BDC61B4F64959E2E /* CheckVoiceBalanceModel.m */,
				AA3D975D5561D5498B85A6AA /* VerifyOtpInputModel.h */,
				AAED2FCA8DB2A7430CBE55BC /* VerifyOtpInputModel.m */,
            );
            name = Models;
            sourceTree = "<group>";
        };
/* End PBXGroup section */

/* Begin PBXHeadersBuildPhase section */
		AA75D91CF69E114F0DB05BB5 /* Headers */ = {
			isa = PBXHeadersBuildPhase;
			buildActionMask = 2147483647;
			files = (
		AA425A9BAA51484C12B51502 /* SendTransactionalSmsModel.h in Headers */,
		AA7F566A6774BA4993874005 /* SendingVoiceOtpAutoGeneratedOtpModel.h in Headers */,
		AA1CCC9623899D458E8CD043 /* CheckBalanceAddonServicesModel.h in Headers */,
		AA115F81E2149D487E85DB35 /* SendingSmsOtpAutoGeneratedOtpModel.h in Headers */,
		AA69310EF12D7C4FAF9EAA80 /* SendingSmsOtpModel.h in Headers */,
		AA2DB01BFA99AD46BF8F4912 /* SendingVoiceOtpModel.h in Headers */,
		AA4CBC11753A824BAFAB2413 /* VerifyVoiceOtpInputModel.h in Headers */,
		AAED824A965B034D77BF96B4 /* CheckSmsBalanceModel.h in Headers */,
		AAF8CF87C50566454CB1A40B /* CheckVoiceBalanceModel.h in Headers */,
		AA6837CF0B5C0C4684859CEC /* VerifyOtpInputModel.h in Headers */,
		AAFE4EC70633C04251A63F73 /* ADDONSERVICESController.h in Headers */,
		AA9D01AE6CA5274D878DC072 /* SMSOTPController.h in Headers */,
		AA846107182B2540C583A8F3 /* VOICEOTPController.h in Headers */,
		AA5E1C8BC2651F4AFEBC43B9 /* APIHelper.h in Headers */,
		AABB73E68DDD444CBFA4217E /* Configuration.h in Headers */,
		AAED0C5636D7884F529E6683 /* APIError.h in Headers */,
		AA8B36BC8327AB4DC8AF0F0F /* HttpBodyRequest.h in Headers */,
		AAD8D364BCD7704E7CA4367C /* HttpRequest.h in Headers */,
		AAFCA7AE808C034AB497B969 /* IHttpClient.h in Headers */,
		AA3614191E5DE94313A317DA /* HttpContext.h in Headers */,

		AA2E3D64705AF14C05A15FE3 /* BaseController.h in Headers */,
		AACBA37D83C6B543A594F469 /* HttpResponse.h in Headers */,
		AA2AFC8B8946094352A6AABD /* UnirestClient.h in Headers */,
		AAE94FC1EDE9EB49AFADB5EA /* HttpStringResponse.h in Headers */,
		AA5FF069F097554D61B55430 /* HttpMethod.h in Headers */,
			);
			runOnlyForDeploymentPostprocessing = 0;
		};
/* End PBXHeadersBuildPhase section */

/* Begin PBXNativeTarget section */
        AAD6B4745B04224B77A5BBA6 /* M2Factor */ = {
            isa = PBXNativeTarget;
            buildConfigurationList = AAA4F6957F976E4D6188D2D6 /* Build configuration list for PBXNativeTarget "M2Factor" */;
            buildPhases = (
                AA44E47B26F64A49ADA4208E /* Sources */,
                AAD3228E79A74D4D7881C3DF /* Frameworks */,
                AA1A7D35DF882F48DB80B7C7 /* CopyFiles */,
				AA75D91CF69E114F0DB05BB5 /* Headers */,
				AA33CB0FAA8018403B924DCC /* Build Framework */,
            );
            buildRules = (
            );
            dependencies = (
            );
            name = M2Factor;
            productName = M2Factor;
            productReference = AA48E44FF80F8E41569E8233 /* libM2Factor.a */;
            productType = "com.apple.product-type.library.static";
        };		
/* End PBXNativeTarget section */

/* Begin PBXProject section */
        AA8CF5CE19588E41419C03CA /* Project object */ = {
            isa = PBXProject;
            attributes = {
                LastUpgradeCheck = 0500;
                ORGANIZATIONNAME = APIMatic;
            };
            buildConfigurationList = AAF60B17E1924E40FBB74280 /* Build configuration list for PBXProject "M2Factor" */;
            compatibilityVersion = "Xcode 3.2";
            developmentRegion = English;
            hasScannedForEncodings = 0;
            knownRegions = (
                en,
            );
            mainGroup = AA3D5B927EE41041B5BDED49;
            productRefGroup = AAA18737F0078D4AD3AFBC86 /* Products */;
            projectDirPath = "";
            projectRoot = "";
            targets = (
                AAD6B4745B04224B77A5BBA6 /* M2Factor */,
				AA557281C2683144D6816908 /* Framework */,
            );
        };
/* End PBXProject section */

/* Begin PBXShellScriptBuildPhase section */
		AA33CB0FAA8018403B924DCC /* Build Framework */ = {
			isa = PBXShellScriptBuildPhase;
			buildActionMask = 2147483647;
			files = (
			);
			inputPaths = (
			);
			name = "Build Framework";
			outputPaths = (
			);
			runOnlyForDeploymentPostprocessing = 0;
			shellPath = /bin/sh;
			shellScript = "#Credit: http://www.raywenderlich.com/65964/create-a-framework-for-ios\nset -e\n\nexport FRAMEWORK_LOCN=\"${BUILT_PRODUCTS_DIR}/${PRODUCT_NAME}.framework\"\n\n# Create the path to the real Headers die\nmkdir -p \"${FRAMEWORK_LOCN}/Versions/A/Headers\"\n\n# Create the required symlinks\n/bin/ln -sfh A \"${FRAMEWORK_LOCN}/Versions/Current\"\n/bin/ln -sfh Versions/Current/Headers \"${FRAMEWORK_LOCN}/Headers\"\n/bin/ln -sfh \"Versions/Current/${PRODUCT_NAME}\" \\\n\"${FRAMEWORK_LOCN}/${PRODUCT_NAME}\"\n\n# Copy the public headers into the framework\n/bin/cp -f -r \"${PODS_ROOT}/Headers/Public/JSONModel/\" \\\n\"${FRAMEWORK_LOCN}/Versions/A/Headers\"\n\n# Copy the public headers into the framework\n/bin/cp -f -r \"${PODS_ROOT}/Headers/Public/Unirest/\" \\\n\"${FRAMEWORK_LOCN}/Versions/A/Headers\"\n\n# Copy the public headers into the framework\n/bin/cp -f -r \"${TARGET_BUILD_DIR}/${PUBLIC_HEADERS_FOLDER_PATH}/\" \\\n\"${FRAMEWORK_LOCN}/Versions/A/Headers\"";
		};
		AA8E1C72DF1F464FC88E1AF6 /* MultiBuild Framework */ = {
			isa = PBXShellScriptBuildPhase;
			buildActionMask = 2147483647;
			files = (
			);
			inputPaths = (
			);
			name = "MultiBuild Framework";
			outputPaths = (
			);
			runOnlyForDeploymentPostprocessing = 0;
			shellPath = /bin/sh;
			shellScript = "#Credit: http://www.raywenderlich.com/65964/create-a-framework-for-ios\nset -e\n\n# If we're already inside this script then die\nif [ -n \"$RW_MULTIPLATFORM_BUILD_IN_PROGRESS\" ]; then\nexit 0\nfi\n\nexport RW_MULTIPLATFORM_BUILD_IN_PROGRESS=1\n\nRW_FRAMEWORK_NAME=${PROJECT_NAME}\nRW_INPUT_STATIC_LIB=\"lib${PROJECT_NAME}.a\"\nRW_FRAMEWORK_LOCATION=\"${BUILT_PRODUCTS_DIR}/${RW_FRAMEWORK_NAME}.framework\"\n\nfunction build_static_library {\n    # Will rebuild the static library as specified\n    #     build_static_library sdk\n     \n     xcrun xcodebuild \\\n    -workspace \"${PROJECT_DIR}/${PROJECT_NAME}.xcworkspace\" \\\n    -scheme \"${TARGET_NAME}\" \\\n    -configuration \"${CONFIGURATION}\" \\\n    -sdk \"${1}\" \\\n    ONLY_ACTIVE_ARCH=NO \\\n    BUILD_DIR=\"${BUILD_DIR}\" \\\n    OBJROOT=\"${OBJROOT}\" \\\n    BUILD_ROOT=\"${BUILD_ROOT}\" \\\n    SYMROOT=\"${SYMROOT}\" $ACTION\n}\n\nfunction make_fat_library {\n    # Will smash 2 static libs together\n    #     make_fat_library in1 in2 out\n    xcrun lipo -create \"${1}\" \"${2}\" -output \"${3}\"\n}\n\n# 1 - Extract the platform (iphoneos/iphonesimulator) from the SDK name\nif [[ \"$SDK_NAME\" =~ ([A-Za-z]+) ]]; then\nRW_SDK_PLATFORM=${BASH_REMATCH[1]}\nelse\necho \"Could not find platform name from SDK_NAME: $SDK_NAME\"\nexit 1\nfi\n\n# 2 - Extract the version from the SDK\nif [[ \"$SDK_NAME\" =~ ([0-9]+.*$) ]]; then\nRW_SDK_VERSION=${BASH_REMATCH[1]}\nelse\necho \"Could not find sdk version from SDK_NAME: $SDK_NAME\"\nexit 1\nfi\n\n# 3 - Determine the other platform\nif [ \"$RW_SDK_PLATFORM\" == \"iphoneos\" ]; then\nRW_OTHER_PLATFORM=iphonesimulator\nelse\nRW_OTHER_PLATFORM=iphoneos\nfi\n\n# 4 - Find the build directory\nif [[ \"$BUILT_PRODUCTS_DIR\" =~ (.*)$RW_SDK_PLATFORM$ ]]; then\nRW_OTHER_BUILT_PRODUCTS_DIR=\"${BASH_REMATCH[1]}${RW_OTHER_PLATFORM}\"\nelse\necho \"Could not find other platform build directory.\"\nexit 1\nfi\n\n# Build the other platform.\nbuild_static_library \"${RW_OTHER_PLATFORM}${RW_SDK_VERSION}\"\n\n# If we're currently building for iphonesimulator, then need to rebuild\n#   to ensure that we get both i386 and x86_64\nif [ \"$RW_SDK_PLATFORM\" == \"iphonesimulator\" ]; then\nbuild_static_library \"${SDK_NAME}\"\nfi\n\n# Join the 2 static libs into 1 and push into the .framework\nmake_fat_library \"${BUILT_PRODUCTS_DIR}/${RW_INPUT_STATIC_LIB}\" \\\n\"${RW_OTHER_BUILT_PRODUCTS_DIR}/${RW_INPUT_STATIC_LIB}\" \\\n\"${RW_FRAMEWORK_LOCATION}/Versions/A/${RW_FRAMEWORK_NAME}\"\n\n# Ensure that the framework is present in both platform's build directories\ncp -a \"${RW_FRAMEWORK_LOCATION}/Versions/A/${RW_FRAMEWORK_NAME}\" \\\n\"${RW_OTHER_BUILT_PRODUCTS_DIR}/${RW_FRAMEWORK_NAME}.framework/Versions/A/${RW_FRAMEWORK_NAME}\"\n\n# Copy the framework to the user's desktop\nditto \"${RW_FRAMEWORK_LOCATION}\" \"${HOME}/Desktop/${RW_FRAMEWORK_NAME}.framework\"";
		};
/* End PBXShellScriptBuildPhase section */

/* Begin PBXSourcesBuildPhase section */
        AA44E47B26F64A49ADA4208E /* Sources */ = {
            isa = PBXSourcesBuildPhase;
            buildActionMask = 2147483647;
            files = (
                AAD17310725CB04AC68DCB6E /* APIHelper.m in Sources */,
                AAFE38AEFA502643B1A1C29E /* APIError.m in Sources */,
                AA1E986961032B4621871E5F /* Configuration.m in Sources */,
				AA5BA8D6FF14B1410FB10C0C /* SendTransactionalSmsModel.m in Sources */,
				AA46A0C900F2154AE7854163 /* SendingVoiceOtpAutoGeneratedOtpModel.m in Sources */,
				AAC75F1C49BC734A3899FD58 /* CheckBalanceAddonServicesModel.m in Sources */,
				AAFB9CD579C5DC4C839DB3DB /* SendingSmsOtpAutoGeneratedOtpModel.m in Sources */,
				AAB5A797A4E8EC43D898BF47 /* SendingSmsOtpModel.m in Sources */,
				AA0BA74D60AB014BB692D075 /* SendingVoiceOtpModel.m in Sources */,
				AADBE6F51E70444D2CB9522B /* VerifyVoiceOtpInputModel.m in Sources */,
				AA55AE4D98E3C5448C848009 /* CheckSmsBalanceModel.m in Sources */,
				AA60B71FBBB36A4F42874C68 /* CheckVoiceBalanceModel.m in Sources */,
				AA537D91984D144083A226FF /* VerifyOtpInputModel.m in Sources */,
				AA19DC78339E064008A1F63A /* ADDONSERVICESController.m in Sources */,
				AAD1ECE46B8E1C4A77B93EBF /* SMSOTPController.m in Sources */,
				AA0708800104E148178593A0 /* VOICEOTPController.m in Sources */,
				 AAB3A7FFE66D3B45F2B34E8C /* HttpBodyRequest.m in Sources */,
				 AADADC04E6C0D749C79831EF /* BaseController.m in Sources */,
				 AA757608E23D8C425BB06211 /* UnirestClient.m in Sources */,
				 AAC926CF57ABAC455FB1E3E2 /* UnirestClient.m in Sources */,
				 AAA692798F41BC487790377C /* HttpResponse.m in Sources */,
				 AA39A64B6230F4415FB77CF2 /* HttpStringResponse.m in Sources */,
				 AA0A6E9F521739457498D806 /* HttpRequest.m in Sources */,
            );
            runOnlyForDeploymentPostprocessing = 0;
        };
/* End PBXSourcesBuildPhase section */

/* Begin PBXTargetDependency section */
		AA4C7288E5A7524026BD698E /* PBXTargetDependency */ = {
			isa = PBXTargetDependency;
			target = AAD6B4745B04224B77A5BBA6 /* M2Factor */;
			targetProxy = AA8CE35F4ADB4E4A80869D82 /* PBXContainerItemProxy */;
		};
        AA84C79760DFDC4013BC380F /* PBXTargetDependency */ = {
            isa = PBXTargetDependency;
            target = AAD6B4745B04224B77A5BBA6 /* M2Factor */;
            targetProxy = AA8CE35F4ADB4E4A80869D82 /* PBXContainerItemProxy */;
        };
/* End PBXTargetDependency section */

/* Begin XCBuildConfiguration section */
		AABDEE16BDD2FF4E1DA09DB0 /* Debug */ = {
			isa = XCBuildConfiguration;
			buildSettings = {
				PRODUCT_NAME = "$(TARGET_NAME)";
			};
			name = Debug;
		};
		AA548AB60A204A4E16B6995C /* Release */ = {
			isa = XCBuildConfiguration;
			buildSettings = {
				PRODUCT_NAME = "$(TARGET_NAME)";
			};
			name = Release;
		};
        AA7AFA9710C4364EDA9FEDBB /* Debug */ = {
            isa = XCBuildConfiguration;
            buildSettings = {
                ALWAYS_SEARCH_USER_PATHS = NO;
                ARCHS = "$(ARCHS_STANDARD_INCLUDING_64_BIT)";
                CLANG_CXX_LANGUAGE_STANDARD = "gnu++0x";
                CLANG_CXX_LIBRARY = "libc++";
                CLANG_ENABLE_MODULES = YES;
                CLANG_ENABLE_OBJC_ARC = YES;
                CLANG_WARN_BOOL_CONVERSION = YES;
                CLANG_WARN_CONSTANT_CONVERSION = YES;
                CLANG_WARN_DIRECT_OBJC_ISA_USAGE = YES_ERROR;
                CLANG_WARN_EMPTY_BODY = YES;
                CLANG_WARN_ENUM_CONVERSION = YES;
                CLANG_WARN_INT_CONVERSION = YES;
                CLANG_WARN_OBJC_ROOT_CLASS = YES_ERROR;
                CLANG_WARN__DUPLICATE_METHOD_MATCH = YES;
                COPY_PHASE_STRIP = NO;
                GCC_C_LANGUAGE_STANDARD = gnu99;
                GCC_DYNAMIC_NO_PIC = NO;
                GCC_OPTIMIZATION_LEVEL = 0;
                GCC_PREPROCESSOR_DEFINITIONS = (
                    "DEBUG=1",
                    "$(inherited)",
                );
                GCC_SYMBOLS_PRIVATE_EXTERN = NO;
                GCC_WARN_64_TO_32_BIT_CONVERSION = YES;
                GCC_WARN_ABOUT_RETURN_TYPE = YES_ERROR;
                GCC_WARN_UNDECLARED_SELECTOR = YES;
                GCC_WARN_UNINITIALIZED_AUTOS = YES;
                GCC_WARN_UNUSED_FUNCTION = YES;
                GCC_WARN_UNUSED_VARIABLE = YES;
                IPHONEOS_DEPLOYMENT_TARGET = 7.0;
                ONLY_ACTIVE_ARCH = YES;
                SDKROOT = iphoneos;
            };
            name = Debug;
        };
        AA534DD3640B394EB89E980E /* Release */ = {
            isa = XCBuildConfiguration;
            buildSettings = {
                ALWAYS_SEARCH_USER_PATHS = NO;
                ARCHS = "$(ARCHS_STANDARD_INCLUDING_64_BIT)";
                CLANG_CXX_LANGUAGE_STANDARD = "gnu++0x";
                CLANG_CXX_LIBRARY = "libc++";
                CLANG_ENABLE_MODULES = YES;
                CLANG_ENABLE_OBJC_ARC = YES;
                CLANG_WARN_BOOL_CONVERSION = YES;
                CLANG_WARN_CONSTANT_CONVERSION = YES;
                CLANG_WARN_DIRECT_OBJC_ISA_USAGE = YES_ERROR;
                CLANG_WARN_EMPTY_BODY = YES;
                CLANG_WARN_ENUM_CONVERSION = YES;
                CLANG_WARN_INT_CONVERSION = YES;
                CLANG_WARN_OBJC_ROOT_CLASS = YES_ERROR;
                CLANG_WARN__DUPLICATE_METHOD_MATCH = YES;
                COPY_PHASE_STRIP = YES;
                ENABLE_NS_ASSERTIONS = NO;
                GCC_C_LANGUAGE_STANDARD = gnu99;
                GCC_WARN_64_TO_32_BIT_CONVERSION = YES;
                GCC_WARN_ABOUT_RETURN_TYPE = YES_ERROR;
                GCC_WARN_UNDECLARED_SELECTOR = YES;
                GCC_WARN_UNINITIALIZED_AUTOS = YES;
                GCC_WARN_UNUSED_FUNCTION = YES;
                GCC_WARN_UNUSED_VARIABLE = YES;
                IPHONEOS_DEPLOYMENT_TARGET = 7.0;
                SDKROOT = iphoneos;
                VALIDATE_PRODUCT = YES;
            };
            name = Release;
        };
        AA11E5C7B699D44C358BCEB8 /* Debug */ = {
            isa = XCBuildConfiguration;
            buildSettings = {
                DEAD_CODE_STRIPPING = NO;
                DSTROOT = /tmp/M2Factor.dst;
                GCC_PRECOMPILE_PREFIX_HEADER = YES;
                GCC_PREFIX_HEADER = "M2Factor/M2Factor-Prefix.pch";
                OTHER_LDFLAGS = "";
                PRODUCT_NAME = "$(TARGET_NAME)";
				PUBLIC_HEADERS_FOLDER_PATH = "include/$(PROJECT_NAME)";
                SKIP_INSTALL = YES;
				STRIP_INSTALLED_PRODUCT = NO;
				STRIP_STYLE = "non-global";
            };
            name = Debug;
        };
        AA1B40367B03FA47B4B2B966 /* Release */ = {
            isa = XCBuildConfiguration;
            buildSettings = {
				COPY_PHASE_STRIP = NO;
				DEAD_CODE_STRIPPING = NO;
                DSTROOT = /tmp/M2Factor.dst;
                GCC_PRECOMPILE_PREFIX_HEADER = YES;
                GCC_PREFIX_HEADER = "M2Factor/M2Factor-Prefix.pch";
                OTHER_LDFLAGS = "";
                PRODUCT_NAME = "$(TARGET_NAME)";
				PUBLIC_HEADERS_FOLDER_PATH = "include/$(PROJECT_NAME)";
                SKIP_INSTALL = YES;
				STRIP_INSTALLED_PRODUCT = NO;
				STRIP_STYLE = "non-global";
            };
            name = Release;
        };
/* End XCBuildConfiguration section */

/* Begin XCConfigurationList section */
		AA25386730FA0A45BDB615C6 /* Build configuration list for PBXAggregateTarget "Framework" */ = {
			isa = XCConfigurationList;
			buildConfigurations = (
				AABDEE16BDD2FF4E1DA09DB0 /* Debug */,
				AA548AB60A204A4E16B6995C /* Release */,
			);
			defaultConfigurationIsVisible = 0;
		};
        AAF60B17E1924E40FBB74280 /* Build configuration list for PBXProject "M2Factor" */ = {
            isa = XCConfigurationList;
            buildConfigurations = (
                AA7AFA9710C4364EDA9FEDBB /* Debug */,
                AA534DD3640B394EB89E980E /* Release */,
            );
            defaultConfigurationIsVisible = 0;
            defaultConfigurationName = Release;
        };
        AAA4F6957F976E4D6188D2D6 /* Build configuration list for PBXNativeTarget "M2Factor" */ = {
            isa = XCConfigurationList;
            buildConfigurations = (
                AA11E5C7B699D44C358BCEB8 /* Debug */,
                AA1B40367B03FA47B4B2B966 /* Release */,
            );
            defaultConfigurationIsVisible = 0;
            defaultConfigurationName = Release;
        };
/* End XCConfigurationList section */
    };
    rootObject = AA8CF5CE19588E41419C03CA /* Project object */;
}